
Microsoft Visual Studio Solution File, Format Version 12.00
# Visual Studio Version 16
VisualStudioVersion = 16.0.809.1
MinimumVisualStudioVersion = 10.0.40219.1
Project("{FAE04EC0-301F-11D3-BF4B-00C04F79EFBC}") = "setres", "setres.csproj", "{877E1453-89FF-46FC-9CA5-D7899725B702}"
EndProject
Global
	GlobalSection(SolutionConfigurationPlatforms) = preSolution
		Debug|Any CPU = Debug|Any CPU
		Release|Any CPU = Release|Any CPU
	EndGlobalSection
	GlobalSection(ProjectConfigurationPlatforms) = postSolution
		{877E1453-89FF-46FC-9CA5-D7899725B702}.Debug|Any CPU.ActiveCfg = Debug|Any CPU
		{877E1453-89FF-46FC-9CA5-D7899725B702}.Debug|Any CPU.Build.0 = Debug|Any CPU
		{877E1453-89FF-46FC-9CA5-D7899725B702}.Release|Any CPU.ActiveCfg = Release|Any CPU
		{877E1453-89FF-46FC-9CA5-D7899725B702}.Release|Any CPU.Build.0 = Release|Any CPU
	EndGlobalSection
	GlobalSection(SolutionProperties) = preSolution
		HideSolutionNode = FALSE
	EndGlobalSection
	GlobalSection(ExtensibilityGlobals) = postSolution
		SolutionGuid = {9572850F-194C-4DF1-A854-9BD7E9D5928E}
	EndGlobalSection
EndGlobal
